
Microsoft Visual Studio Solution File, Format Version 12.00
# Visual Studio Version 17
VisualStudioVersion = 17.2.32526.322
MinimumVisualStudioVersion = 10.0.40219.1
Project("{9A19103F-16F7-4668-BE54-9A1E7A4F7556}") = "CH02", "CH02\CH02.csproj", "{3BBE633B-787F-4A05-9F4F-727342EED814}"
EndProject
Project("{9A19103F-16F7-4668-BE54-9A1E7A4F7556}") = "CH03", "CH03\CH03.csproj", "{7DBD704C-78A7-4CA0-A425-FC7267D6CAF8}"
EndProject
Project("{9A19103F-16F7-4668-BE54-9A1E7A4F7556}") = "BaekJoon", "BaekJoon\BaekJoon.csproj", "{2567C6BB-D5BD-4352-846A-E8B040F556F5}"
EndProject
Project("{9A19103F-16F7-4668-BE54-9A1E7A4F7556}") = "book", "book\book.csproj", "{89616F0D-DE65-4D8C-9754-7E070306D948}"
EndProject
Project("{9A19103F-16F7-4668-BE54-9A1E7A4F7556}") = "CH04", "CH04\CH04.csproj", "{757B20C6-D61E-4DB9-B9C1-8F03C01ABD4B}"
EndProject
Project("{9A19103F-16F7-4668-BE54-9A1E7A4F7556}") = "CH01", "CH01\CH01.csproj", "{19C504F7-BA32-459A-9DC8-4A6CD67B8BC8}"
EndProject
Project("{9A19103F-16F7-4668-BE54-9A1E7A4F7556}") = "CH05", "CH05\CH05.csproj", "{C56DA2CB-798B-4243-A476-95E77B03274E}"
EndProject
Project("{9A19103F-16F7-4668-BE54-9A1E7A4F7556}") = "TEST", "TEST\TEST.csproj", "{165843DF-29E9-4304-A655-F42807641D8F}"
EndProject
Project("{9A19103F-16F7-4668-BE54-9A1E7A4F7556}") = "CH06", "CH06\CH06.csproj", "{1C48B130-462D-4FE9-A1EA-A83C2EF55730}"
EndProject
Project("{9A19103F-16F7-4668-BE54-9A1E7A4F7556}") = "CH07", "CH07\CH07.csproj", "{1BE64815-67BC-46F7-8165-FC403D863139}"
EndProject
Project("{9A19103F-16F7-4668-BE54-9A1E7A4F7556}") = "CH08", "CH08\CH08.csproj", "{922554BC-D54C-4645-B188-546551715A7A}"
EndProject
Project("{9A19103F-16F7-4668-BE54-9A1E7A4F7556}") = "CH09", "CH09\CH09.csproj", "{9E4C4867-9DD1-4668-98F3-62796E1C39D6}"
EndProject
Project("{9A19103F-16F7-4668-BE54-9A1E7A4F7556}") = "CH10", "CH10\CH10.csproj", "{DF41AD5F-D8BE-4538-BEEE-AE6C886B9285}"
EndProject
Project("{9A19103F-16F7-4668-BE54-9A1E7A4F7556}") = "CH11", "CH11\CH11.csproj", "{4513A368-A54F-4F41-87C9-D8FFD0ACAB27}"
EndProject
Project("{9A19103F-16F7-4668-BE54-9A1E7A4F7556}") = "Project1", "Project1\Project1.csproj", "{F9D889F3-D584-403E-9D34-6964D222DBE9}"
EndProject
Project("{9A19103F-16F7-4668-BE54-9A1E7A4F7556}") = "Project2", "Project2\Project2.csproj", "{C100433B-0FDD-462F-9AD4-026E9D971452}"
EndProject
Project("{9A19103F-16F7-4668-BE54-9A1E7A4F7556}") = "Project3", "Project3\Project3.csproj", "{2BF9E62E-DE13-48D1-921A-C28F646F52AA}"
EndProject
Project("{FAE04EC0-301F-11D3-BF4B-00C04F79EFBC}") = "Project4", "Project4\Project4.csproj", "{4F16DB42-9704-4B5A-B24F-DCDAFB0617D4}"
EndProject
Global
	GlobalSection(SolutionConfigurationPlatforms) = preSolution
		Debug|Any CPU = Debug|Any CPU
		Release|Any CPU = Release|Any CPU
	EndGlobalSection
	GlobalSection(ProjectConfigurationPlatforms) = postSolution
		{3BBE633B-787F-4A05-9F4F-727342EED814}.Debug|Any CPU.ActiveCfg = Debug|Any CPU
		{3BBE633B-787F-4A05-9F4F-727342EED814}.Debug|Any CPU.Build.0 = Debug|Any CPU
		{3BBE633B-787F-4A05-9F4F-727342EED814}.Release|Any CPU.ActiveCfg = Release|Any CPU
		{3BBE633B-787F-4A05-9F4F-727342EED814}.Release|Any CPU.Build.0 = Release|Any CPU
		{7DBD704C-78A7-4CA0-A425-FC7267D6CAF8}.Debug|Any CPU.ActiveCfg = Debug|Any CPU
		{7DBD704C-78A7-4CA0-A425-FC7267D6CAF8}.Debug|Any CPU.Build.0 = Debug|Any CPU
		{7DBD704C-78A7-4CA0-A425-FC7267D6CAF8}.Release|Any CPU.ActiveCfg = Release|Any CPU
		{7DBD704C-78A7-4CA0-A425-FC7267D6CAF8}.Release|Any CPU.Build.0 = Release|Any CPU
		{2567C6BB-D5BD-4352-846A-E8B040F556F5}.Debug|Any CPU.ActiveCfg = Debug|Any CPU
		{2567C6BB-D5BD-4352-846A-E8B040F556F5}.Debug|Any CPU.Build.0 = Debug|Any CPU
		{2567C6BB-D5BD-4352-846A-E8B040F556F5}.Release|Any CPU.ActiveCfg = Release|Any CPU
		{2567C6BB-D5BD-4352-846A-E8B040F556F5}.Release|Any CPU.Build.0 = Release|Any CPU
		{89616F0D-DE65-4D8C-9754-7E070306D948}.Debug|Any CPU.ActiveCfg = Debug|Any CPU
		{89616F0D-DE65-4D8C-9754-7E070306D948}.Debug|Any CPU.Build.0 = Debug|Any CPU
		{89616F0D-DE65-4D8C-9754-7E070306D948}.Release|Any CPU.ActiveCfg = Release|Any CPU
		{89616F0D-DE65-4D8C-9754-7E070306D948}.Release|Any CPU.Build.0 = Release|Any CPU
		{757B20C6-D61E-4DB9-B9C1-8F03C01ABD4B}.Debug|Any CPU.ActiveCfg = Debug|Any CPU
		{757B20C6-D61E-4DB9-B9C1-8F03C01ABD4B}.Debug|Any CPU.Build.0 = Debug|Any CPU
		{757B20C6-D61E-4DB9-B9C1-8F03C01ABD4B}.Release|Any CPU.ActiveCfg = Release|Any CPU
		{757B20C6-D61E-4DB9-B9C1-8F03C01ABD4B}.Release|Any CPU.Build.0 = Release|Any CPU
		{19C504F7-BA32-459A-9DC8-4A6CD67B8BC8}.Debug|Any CPU.ActiveCfg = Debug|Any CPU
		{19C504F7-BA32-459A-9DC8-4A6CD67B8BC8}.Debug|Any CPU.Build.0 = Debug|Any CPU
		{19C504F7-BA32-459A-9DC8-4A6CD67B8BC8}.Release|Any CPU.ActiveCfg = Release|Any CPU
		{19C504F7-BA32-459A-9DC8-4A6CD67B8BC8}.Release|Any CPU.Build.0 = Release|Any CPU
		{C56DA2CB-798B-4243-A476-95E77B03274E}.Debug|Any CPU.ActiveCfg = Debug|Any CPU
		{C56DA2CB-798B-4243-A476-95E77B03274E}.Debug|Any CPU.Build.0 = Debug|Any CPU
		{C56DA2CB-798B-4243-A476-95E77B03274E}.Release|Any CPU.ActiveCfg = Release|Any CPU
		{C56DA2CB-798B-4243-A476-95E77B03274E}.Release|Any CPU.Build.0 = Release|Any CPU
		{165843DF-29E9-4304-A655-F42807641D8F}.Debug|Any CPU.ActiveCfg = Debug|Any CPU
		{165843DF-29E9-4304-A655-F42807641D8F}.Debug|Any CPU.Build.0 = Debug|Any CPU
		{165843DF-29E9-4304-A655-F42807641D8F}.Release|Any CPU.ActiveCfg = Release|Any CPU
		{165843DF-29E9-4304-A655-F42807641D8F}.Release|Any CPU.Build.0 = Release|Any CPU
		{1C48B130-462D-4FE9-A1EA-A83C2EF55730}.Debug|Any CPU.ActiveCfg = Debug|Any CPU
		{1C48B130-462D-4FE9-A1EA-A83C2EF55730}.Debug|Any CPU.Build.0 = Debug|Any CPU
		{1C48B130-462D-4FE9-A1EA-A83C2EF55730}.Release|Any CPU.ActiveCfg = Release|Any CPU
		{1C48B130-462D-4FE9-A1EA-A83C2EF55730}.Release|Any CPU.Build.0 = Release|Any CPU
		{1BE64815-67BC-46F7-8165-FC403D863139}.Debug|Any CPU.ActiveCfg = Debug|Any CPU
		{1BE64815-67BC-46F7-8165-FC403D863139}.Debug|Any CPU.Build.0 = Debug|Any CPU
		{1BE64815-67BC-46F7-8165-FC403D863139}.Release|Any CPU.ActiveCfg = Release|Any CPU
		{1BE64815-67BC-46F7-8165-FC403D863139}.Release|Any CPU.Build.0 = Release|Any CPU
		{922554BC-D54C-4645-B188-546551715A7A}.Debug|Any CPU.ActiveCfg = Debug|Any CPU
		{922554BC-D54C-4645-B188-546551715A7A}.Debug|Any CPU.Build.0 = Debug|Any CPU
		{922554BC-D54C-4645-B188-546551715A7A}.Release|Any CPU.ActiveCfg = Release|Any CPU
		{922554BC-D54C-4645-B188-546551715A7A}.Release|Any CPU.Build.0 = Release|Any CPU
		{9E4C4867-9DD1-4668-98F3-62796E1C39D6}.Debug|Any CPU.ActiveCfg = Debug|Any CPU
		{9E4C4867-9DD1-4668-98F3-62796E1C39D6}.Debug|Any CPU.Build.0 = Debug|Any CPU
		{9E4C4867-9DD1-4668-98F3-62796E1C39D6}.Release|Any CPU.ActiveCfg = Release|Any CPU
		{9E4C4867-9DD1-4668-98F3-62796E1C39D6}.Release|Any CPU.Build.0 = Release|Any CPU
		{DF41AD5F-D8BE-4538-BEEE-AE6C886B9285}.Debug|Any CPU.ActiveCfg = Debug|Any CPU
		{DF41AD5F-D8BE-4538-BEEE-AE6C886B9285}.Debug|Any CPU.Build.0 = Debug|Any CPU
		{DF41AD5F-D8BE-4538-BEEE-AE6C886B9285}.Release|Any CPU.ActiveCfg = Release|Any CPU
		{DF41AD5F-D8BE-4538-BEEE-AE6C886B9285}.Release|Any CPU.Build.0 = Release|Any CPU
		{4513A368-A54F-4F41-87C9-D8FFD0ACAB27}.Debug|Any CPU.ActiveCfg = Debug|Any CPU
		{4513A368-A54F-4F41-87C9-D8FFD0ACAB27}.Debug|Any CPU.Build.0 = Debug|Any CPU
		{4513A368-A54F-4F41-87C9-D8FFD0ACAB27}.Release|Any CPU.ActiveCfg = Release|Any CPU
		{4513A368-A54F-4F41-87C9-D8FFD0ACAB27}.Release|Any CPU.Build.0 = Release|Any CPU
		{F9D889F3-D584-403E-9D34-6964D222DBE9}.Debug|Any CPU.ActiveCfg = Debug|Any CPU
		{F9D889F3-D584-403E-9D34-6964D222DBE9}.Debug|Any CPU.Build.0 = Debug|Any CPU
		{F9D889F3-D584-403E-9D34-6964D222DBE9}.Release|Any CPU.ActiveCfg = Release|Any CPU
		{F9D889F3-D584-403E-9D34-6964D222DBE9}.Release|Any CPU.Build.0 = Release|Any CPU
		{C100433B-0FDD-462F-9AD4-026E9D971452}.Debug|Any CPU.ActiveCfg = Debug|Any CPU
		{C100433B-0FDD-462F-9AD4-026E9D971452}.Debug|Any CPU.Build.0 = Debug|Any CPU
		{C100433B-0FDD-462F-9AD4-026E9D971452}.Release|Any CPU.ActiveCfg = Release|Any CPU
		{C100433B-0FDD-462F-9AD4-026E9D971452}.Release|Any CPU.Build.0 = Release|Any CPU
		{2BF9E62E-DE13-48D1-921A-C28F646F52AA}.Debug|Any CPU.ActiveCfg = Debug|Any CPU
		{2BF9E62E-DE13-48D1-921A-C28F646F52AA}.Debug|Any CPU.Build.0 = Debug|Any CPU
		{2BF9E62E-DE13-48D1-921A-C28F646F52AA}.Release|Any CPU.ActiveCfg = Release|Any CPU
		{2BF9E62E-DE13-48D1-921A-C28F646F52AA}.Release|Any CPU.Build.0 = Release|Any CPU
		{4F16DB42-9704-4B5A-B24F-DCDAFB0617D4}.Debug|Any CPU.ActiveCfg = Debug|Any CPU
		{4F16DB42-9704-4B5A-B24F-DCDAFB0617D4}.Debug|Any CPU.Build.0 = Debug|Any CPU
		{4F16DB42-9704-4B5A-B24F-DCDAFB0617D4}.Release|Any CPU.ActiveCfg = Release|Any CPU
		{4F16DB42-9704-4B5A-B24F-DCDAFB0617D4}.Release|Any CPU.Build.0 = Release|Any CPU
	EndGlobalSection
	GlobalSection(SolutionProperties) = preSolution
		HideSolutionNode = FALSE
	EndGlobalSection
	GlobalSection(ExtensibilityGlobals) = postSolution
		SolutionGuid = {3E49B7CC-9D0D-4F53-B28E-616C258C31D3}
	EndGlobalSection
EndGlobal
